
Microsoft Visual Studio Solution File, Format Version 12.00
# Visual Studio 15
VisualStudioVersion = 15.0.27130.2024
MinimumVisualStudioVersion = 10.0.40219.1
Project("{8BC9CEB8-8B4A-11D0-8D11-00A0C91BC942}") = "MiniEngine", "MiniEngine\MiniEngine.vcxproj", "{36DC6FE1-3DCC-4C45-9BC6-5A7750D98D00}"
EndProject
Project("{8BC9CEB8-8B4A-11D0-8D11-00A0C91BC942}") = "MiniEngineLib", "MiniEngineLib\MiniEngineLib.vcxproj", "{913FD765-1402-4A6B-9C04-903FA76CB67F}"
EndProject
Project("{8BC9CEB8-8B4A-11D0-8D11-00A0C91BC942}") = "EngineUnitTest", "EngineTest\EngineTest.vcxproj", "{82576841-ABD8-4344-A3AC-ADACC34036AE}"
EndProject
Global
	GlobalSection(SolutionConfigurationPlatforms) = preSolution
		Debug|x64 = Debug|x64
		Debug|x86 = Debug|x86
		Release|x64 = Release|x64
		Release|x86 = Release|x86
	EndGlobalSection
	GlobalSection(ProjectConfigurationPlatforms) = postSolution
		{36DC6FE1-3DCC-4C45-9BC6-5A7750D98D00}.Debug|x64.ActiveCfg = Debug|x64
		{36DC6FE1-3DCC-4C45-9BC6-5A7750D98D00}.Debug|x64.Build.0 = Debug|x64
		{36DC6FE1-3DCC-4C45-9BC6-5A7750D98D00}.Debug|x86.ActiveCfg = Debug|Win32
		{36DC6FE1-3DCC-4C45-9BC6-5A7750D98D00}.Debug|x86.Build.0 = Debug|Win32
		{36DC6FE1-3DCC-4C45-9BC6-5A7750D98D00}.Release|x64.ActiveCfg = Release|x64
		{36DC6FE1-3DCC-4C45-9BC6-5A7750D98D00}.Release|x64.Build.0 = Release|x64
		{36DC6FE1-3DCC-4C45-9BC6-5A7750D98D00}.Release|x86.ActiveCfg = Release|Win32
		{36DC6FE1-3DCC-4C45-9BC6-5A7750D98D00}.Release|x86.Build.0 = Release|Win32
		{913FD765-1402-4A6B-9C04-903FA76CB67F}.Debug|x64.ActiveCfg = Debug|x64
		{913FD765-1402-4A6B-9C04-903FA76CB67F}.Debug|x64.Build.0 = Debug|x64
		{913FD765-1402-4A6B-9C04-903FA76CB67F}.Debug|x86.ActiveCfg = Debug|Win32
		{913FD765-1402-4A6B-9C04-903FA76CB67F}.Debug|x86.Build.0 = Debug|Win32
		{913FD765-1402-4A6B-9C04-903FA76CB67F}.Release|x64.ActiveCfg = Release|x64
		{913FD765-1402-4A6B-9C04-903FA76CB67F}.Release|x64.Build.0 = Release|x64
		{913FD765-1402-4A6B-9C04-903FA76CB67F}.Release|x86.ActiveCfg = Release|Win32
		{913FD765-1402-4A6B-9C04-903FA76CB67F}.Release|x86.Build.0 = Release|Win32
		{82576841-ABD8-4344-A3AC-ADACC34036AE}.Debug|x64.ActiveCfg = Debug|x64
		{82576841-ABD8-4344-A3AC-ADACC34036AE}.Debug|x64.Build.0 = Debug|x64
		{82576841-ABD8-4344-A3AC-ADACC34036AE}.Debug|x86.ActiveCfg = Debug|Win32
		{82576841-ABD8-4344-A3AC-ADACC34036AE}.Debug|x86.Build.0 = Debug|Win32
		{82576841-ABD8-4344-A3AC-ADACC34036AE}.Release|x64.ActiveCfg = Release|x64
		{82576841-ABD8-4344-A3AC-ADACC34036AE}.Release|x64.Build.0 = Release|x64
		{82576841-ABD8-4344-A3AC-ADACC34036AE}.Release|x86.ActiveCfg = Release|Win32
		{82576841-ABD8-4344-A3AC-ADACC34036AE}.Release|x86.Build.0 = Release|Win32
	EndGlobalSection
	GlobalSection(SolutionProperties) = preSolution
		HideSolutionNode = FALSE
	EndGlobalSection
	GlobalSection(ExtensibilityGlobals) = postSolution
		SolutionGuid = {230D416B-14AE-4B85-89A1-14F33E7CD145}
	EndGlobalSection
EndGlobal
