<?xml version="1.0" encoding="utf-8"?>
<Project ToolsVersion="4.0" xmlns="http://schemas.microsoft.com/developer/msbuild/2003">
  <ItemGroup>
    <Filter Include="WindowClasses">
      <UniqueIdentifier>{c34e2ecb-207f-4a5b-bb25-e738ce2f7d0f}</UniqueIdentifier>
    </Filter>
    <Filter Include="Utils">
      <UniqueIdentifier>{78d26fc9-57a9-4baa-8db7-d9fb823db6b6}</UniqueIdentifier>
    </Filter>
    <Filter Include="Utils\Math">
      <UniqueIdentifier>{f45fa763-415d-40ab-b8c6-966363fedd0c}</UniqueIdentifier>
    </Filter>
    <Filter Include="Utils\Debug">
      <UniqueIdentifier>{e13cd8fc-a36e-4fe4-895c-1b01944609f1}</UniqueIdentifier>
    </Filter>
    <Filter Include="Utils\Timer">
      <UniqueIdentifier>{8485598f-7dba-4571-8286-8067e2631ef9}</UniqueIdentifier>
    </Filter>
    <Filter Include="Core">
      <UniqueIdentifier>{4FC737F1-C7A5-4376-A066-2A32D752A2FF}</UniqueIdentifier>
      <Extensions>cpp;c;cc;cxx;def;odl;idl;hpj;bat;asm;asmx</Extensions>
    </Filter>
    <Filter Include="Rendering">
      <UniqueIdentifier>{8a39df6f-57a2-47fe-8288-c2a12d26845a}</UniqueIdentifier>
    </Filter>
  </ItemGroup>
  <ItemGroup>
    <ClInclude Include="EditWindow.h">
      <Filter>WindowClasses</Filter>
    </ClInclude>
    <ClInclude Include="IChildWindowHandleable.h">
      <Filter>WindowClasses</Filter>
    </ClInclude>
    <ClInclude Include="MainWindow.h">
      <Filter>WindowClasses</Filter>
    </ClInclude>
    <ClInclude Include="RenderWindow.h">
      <Filter>WindowClasses</Filter>
    </ClInclude>
    <ClInclude Include="Vector.h">
      <Filter>Utils\Math</Filter>
    </ClInclude>
    <ClInclude Include="DebugHelper.h">
      <Filter>Utils\Debug</Filter>
    </ClInclude>
    <ClInclude Include="MiniTimer.h">
      <Filter>Utils\Timer</Filter>
    </ClInclude>
    <ClInclude Include="MiniEngine.h">
      <Filter>Core</Filter>
    </ClInclude>
    <ClInclude Include="pch.h">
      <Filter>Core</Filter>
    </ClInclude>
    <ClInclude Include="ConsoleWindow.h">
      <Filter>WindowClasses</Filter>
    </ClInclude>
  </ItemGroup>
  <ItemGroup>
    <ClCompile Include="MiniEngine.cpp">
      <Filter>Core</Filter>
    </ClCompile>
    <ClCompile Include="pch.cpp">
      <Filter>Core</Filter>
    </ClCompile>
    <ClCompile Include="EditWindow.cpp">
      <Filter>WindowClasses</Filter>
    </ClCompile>
    <ClCompile Include="MainWindow.cpp">
      <Filter>WindowClasses</Filter>
    </ClCompile>
    <ClCompile Include="RenderWindow.cpp">
      <Filter>WindowClasses</Filter>
    </ClCompile>
    <ClCompile Include="Vector.cpp">
      <Filter>Utils\Math</Filter>
    </ClCompile>
    <ClCompile Include="DebugHelper.cpp">
      <Filter>Utils\Debug</Filter>
    </ClCompile>
    <ClCompile Include="MiniTimer.cpp">
      <Filter>Utils\Timer</Filter>
    </ClCompile>
    <ClCompile Include="ConsoleWindow.cpp">
      <Filter>WindowClasses</Filter>
    </ClCompile>
  </ItemGroup>
</Project>